// !$*UTF8*$!
{
	archiveVersion = 1;
	classes = {
	};
	objectVersion = 46;
	objects = {

/* Begin PBXBuildFile section */
		3854E6461E5DBD9E005D6F82 /* AppDelegate.swift in Sources */ = {isa = PBXBuildFile; fileRef = 3854E6451E5DBD9E005D6F82 /* AppDelegate.swift */; };
		3854E6481E5DBD9E005D6F82 /* ViewController.swift in Sources */ = {isa = PBXBuildFile; fileRef = 3854E6471E5DBD9E005D6F82 /* ViewController.swift */; };
		3854E64B1E5DBD9E005D6F82 /* Main.storyboard in Resources */ = {isa = PBXBuildFile; fileRef = 3854E6491E5DBD9E005D6F82 /* Main.storyboard */; };
		3854E64D1E5DBD9E005D6F82 /* Assets.xcassets in Resources */ = {isa = PBXBuildFile; fileRef = 3854E64C1E5DBD9E005D6F82 /* Assets.xcassets */; };
		3854E6501E5DBD9E005D6F82 /* LaunchScreen.storyboard in Resources */ = {isa = PBXBuildFile; fileRef = 3854E64E1E5DBD9E005D6F82 /* LaunchScreen.storyboard */; };
		38764CF61E5DC313003AE85F /* User.swift in Sources */ = {isa = PBXBuildFile; fileRef = 38764CF51E5DC313003AE85F /* User.swift */; };
		38764CF81E5DC3BB003AE85F /* Repository.swift in Sources */ = {isa = PBXBuildFile; fileRef = 38764CF71E5DC3BB003AE85F /* Repository.swift */; };
		38764CFA1E5DC4A9003AE85F /* JSONDecodeError.swift in Sources */ = {isa = PBXBuildFile; fileRef = 38764CF91E5DC4A9003AE85F /* JSONDecodeError.swift */; };
		38764CFD1E5DC9B5003AE85F /* JSONDecodable.swift in Sources */ = {isa = PBXBuildFile; fileRef = 38764CFC1E5DC9B5003AE85F /* JSONDecodable.swift */; };
		38764CFF1E5DCF96003AE85F /* SearchResponse.swift in Sources */ = {isa = PBXBuildFile; fileRef = 38764CFE1E5DCF96003AE85F /* SearchResponse.swift */; };
		38764D011E5DD1FF003AE85F /* GitHubClientError.swift in Sources */ = {isa = PBXBuildFile; fileRef = 38764D001E5DD1FF003AE85F /* GitHubClientError.swift */; };
		38764D031E5DD3AD003AE85F /* GitHubAPIError.swift in Sources */ = {isa = PBXBuildFile; fileRef = 38764D021E5DD3AD003AE85F /* GitHubAPIError.swift */; };
		38764D051E5E0696003AE85F /* GitHubRequest.swift in Sources */ = {isa = PBXBuildFile; fileRef = 38764D041E5E0696003AE85F /* GitHubRequest.swift */; };
		38764D071E5E07E0003AE85F /* HTTPMethod.swift in Sources */ = {isa = PBXBuildFile; fileRef = 38764D061E5E07E0003AE85F /* HTTPMethod.swift */; };
		38764D091E5E0B87003AE85F /* GitHubAPI.swift in Sources */ = {isa = PBXBuildFile; fileRef = 38764D081E5E0B87003AE85F /* GitHubAPI.swift */; };
/* End PBXBuildFile section */

/* Begin PBXFileReference section */
		3854E6421E5DBD9E005D6F82 /* GithubAPIClient.app */ = {isa = PBXFileReference; explicitFileType = wrapper.application; includeInIndex = 0; path = GithubAPIClient.app; sourceTree = BUILT_PRODUCTS_DIR; };
		3854E6451E5DBD9E005D6F82 /* AppDelegate.swift */ = {isa = PBXFileReference; lastKnownFileType = sourcecode.swift; path = AppDelegate.swift; sourceTree = "<group>"; };
		3854E6471E5DBD9E005D6F82 /* ViewController.swift */ = {isa = PBXFileReference; lastKnownFileType = sourcecode.swift; path = ViewController.swift; sourceTree = "<group>"; };
		3854E64A1E5DBD9E005D6F82 /* Base */ = {isa = PBXFileReference; lastKnownFileType = file.storyboard; name = Base; path = Base.lproj/Main.storyboard; sourceTree = "<group>"; };
		3854E64C1E5DBD9E005D6F82 /* Assets.xcassets */ = {isa = PBXFileReference; lastKnownFileType = folder.assetcatalog; path = Assets.xcassets; sourceTree = "<group>"; };
		3854E64F1E5DBD9E005D6F82 /* Base */ = {isa = PBXFileReference; lastKnownFileType = file.storyboard; name = Base; path = Base.lproj/LaunchScreen.storyboard; sourceTree = "<group>"; };
		3854E6511E5DBD9E005D6F82 /* Info.plist */ = {isa = PBXFileReference; lastKnownFileType = text.plist.xml; path = Info.plist; sourceTree = "<group>"; };
		38764CF51E5DC313003AE85F /* User.swift */ = {isa = PBXFileReference; fileEncoding = 4; lastKnownFileType = sourcecode.swift; path = User.swift; sourceTree = "<group>"; };
		38764CF71E5DC3BB003AE85F /* Repository.swift */ = {isa = PBXFileReference; fileEncoding = 4; lastKnownFileType = sourcecode.swift; path = Repository.swift; sourceTree = "<group>"; };
		38764CF91E5DC4A9003AE85F /* JSONDecodeError.swift */ = {isa = PBXFileReference; fileEncoding = 4; lastKnownFileType = sourcecode.swift; path = JSONDecodeError.swift; sourceTree = "<group>"; };
		38764CFC1E5DC9B5003AE85F /* JSONDecodable.swift */ = {isa = PBXFileReference; fileEncoding = 4; lastKnownFileType = sourcecode.swift; name = JSONDecodable.swift; path = Protocols/JSONDecodable.swift; sourceTree = "<group>"; };
		38764CFE1E5DCF96003AE85F /* SearchResponse.swift */ = {isa = PBXFileReference; fileEncoding = 4; lastKnownFileType = sourcecode.swift; path = SearchResponse.swift; sourceTree = "<group>"; };
		38764D001E5DD1FF003AE85F /* GitHubClientError.swift */ = {isa = PBXFileReference; fileEncoding = 4; lastKnownFileType = sourcecode.swift; path = GitHubClientError.swift; sourceTree = "<group>"; };
		38764D021E5DD3AD003AE85F /* GitHubAPIError.swift */ = {isa = PBXFileReference; fileEncoding = 4; lastKnownFileType = sourcecode.swift; path = GitHubAPIError.swift; sourceTree = "<group>"; };
		38764D041E5E0696003AE85F /* GitHubRequest.swift */ = {isa = PBXFileReference; fileEncoding = 4; lastKnownFileType = sourcecode.swift; path = GitHubRequest.swift; sourceTree = "<group>"; };
		38764D061E5E07E0003AE85F /* HTTPMethod.swift */ = {isa = PBXFileReference; fileEncoding = 4; lastKnownFileType = sourcecode.swift; path = HTTPMethod.swift; sourceTree = "<group>"; };
		38764D081E5E0B87003AE85F /* GitHubAPI.swift */ = {isa = PBXFileReference; fileEncoding = 4; lastKnownFileType = sourcecode.swift; path = GitHubAPI.swift; sourceTree = "<group>"; };
/* End PBXFileReference section */

/* Begin PBXFrameworksBuildPhase section */
		3854E63F1E5DBD9E005D6F82 /* Frameworks */ = {
			isa = PBXFrameworksBuildPhase;
			buildActionMask = 2147483647;
			files = (
			);
			runOnlyForDeploymentPostprocessing = 0;
		};
/* End PBXFrameworksBuildPhase section */

/* Begin PBXGroup section */
		3854E6391E5DBD9E005D6F82 = {
			isa = PBXGroup;
			children = (
				3854E6441E5DBD9E005D6F82 /* GithubAPIClient */,
				3854E6431E5DBD9E005D6F82 /* Products */,
			);
			sourceTree = "<group>";
		};
		3854E6431E5DBD9E005D6F82 /* Products */ = {
			isa = PBXGroup;
			children = (
				3854E6421E5DBD9E005D6F82 /* GithubAPIClient.app */,
			);
			name = Products;
			sourceTree = "<group>";
		};
		3854E6441E5DBD9E005D6F82 /* GithubAPIClient */ = {
			isa = PBXGroup;
			children = (
				38764CF41E5DC1E9003AE85F /* Resources */,
				38764CF21E5DC1AB003AE85F /* Sources */,
			);
			path = GithubAPIClient;
			sourceTree = "<group>";
		};
		38764CEF1E5DC185003AE85F /* Models */ = {
			isa = PBXGroup;
			children = (
				38764CF51E5DC313003AE85F /* User.swift */,
				38764CF71E5DC3BB003AE85F /* Repository.swift */,
				38764CFE1E5DCF96003AE85F /* SearchResponse.swift */,
				38764D021E5DD3AD003AE85F /* GitHubAPIError.swift */,
				38764D041E5E0696003AE85F /* GitHubRequest.swift */,
				38764D081E5E0B87003AE85F /* GitHubAPI.swift */,
			);
			path = Models;
			sourceTree = "<group>";
		};
		38764CF01E5DC18E003AE85F /* Controllers */ = {
			isa = PBXGroup;
			children = (
				3854E6471E5DBD9E005D6F82 /* ViewController.swift */,
			);
			path = Controllers;
			sourceTree = "<group>";
		};
		38764CF11E5DC193003AE85F /* Enum */ = {
			isa = PBXGroup;
			children = (
				38764CF91E5DC4A9003AE85F /* JSONDecodeError.swift */,
				38764D001E5DD1FF003AE85F /* GitHubClientError.swift */,
				38764D061E5E07E0003AE85F /* HTTPMethod.swift */,
			);
			path = Enum;
			sourceTree = "<group>";
		};
		38764CF21E5DC1AB003AE85F /* Sources */ = {
			isa = PBXGroup;
			children = (
				38764CFB1E5DC8D8003AE85F /* Protocols */,
				38764CF31E5DC1DB003AE85F /* AppDelegate */,
				38764CF01E5DC18E003AE85F /* Controllers */,
				38764CF11E5DC193003AE85F /* Enum */,
				38764CEF1E5DC185003AE85F /* Models */,
			);
			path = Sources;
			sourceTree = "<group>";
		};
		38764CF31E5DC1DB003AE85F /* AppDelegate */ = {
			isa = PBXGroup;
			children = (
				3854E6451E5DBD9E005D6F82 /* AppDelegate.swift */,
			);
			path = AppDelegate;
			sourceTree = "<group>";
		};
		38764CF41E5DC1E9003AE85F /* Resources */ = {
			isa = PBXGroup;
			children = (
				3854E64C1E5DBD9E005D6F82 /* Assets.xcassets */,
				3854E6511E5DBD9E005D6F82 /* Info.plist */,
				3854E64E1E5DBD9E005D6F82 /* LaunchScreen.storyboard */,
				3854E6491E5DBD9E005D6F82 /* Main.storyboard */,
			);
			path = Resources;
			sourceTree = "<group>";
		};
		38764CFB1E5DC8D8003AE85F /* Protocols */ = {
			isa = PBXGroup;
			children = (
				38764CFC1E5DC9B5003AE85F /* JSONDecodable.swift */,
			);
			name = Protocols;
			sourceTree = "<group>";
		};
/* End PBXGroup section */

/* Begin PBXNativeTarget section */
		3854E6411E5DBD9E005D6F82 /* GithubAPIClient */ = {
			isa = PBXNativeTarget;
			buildConfigurationList = 3854E66A1E5DBD9E005D6F82 /* Build configuration list for PBXNativeTarget "GithubAPIClient" */;
			buildPhases = (
				3854E63E1E5DBD9E005D6F82 /* Sources */,
				3854E63F1E5DBD9E005D6F82 /* Frameworks */,
				3854E6401E5DBD9E005D6F82 /* Resources */,
			);
			buildRules = (
			);
			dependencies = (
			);
			name = GithubAPIClient;
			productName = GithubAPIClient;
			productReference = 3854E6421E5DBD9E005D6F82 /* GithubAPIClient.app */;
			productType = "com.apple.product-type.application";
		};
/* End PBXNativeTarget section */

/* Begin PBXProject section */
		3854E63A1E5DBD9E005D6F82 /* Project object */ = {
			isa = PBXProject;
			attributes = {
				LastSwiftUpdateCheck = 0820;
				LastUpgradeCheck = 0820;
				ORGANIZATIONNAME = "k-satoshi";
				TargetAttributes = {
					3854E6411E5DBD9E005D6F82 = {
						CreatedOnToolsVersion = 8.2.1;
						DevelopmentTeam = WDBC6D89W7;
						ProvisioningStyle = Automatic;
					};
				};
			};
			buildConfigurationList = 3854E63D1E5DBD9E005D6F82 /* Build configuration list for PBXProject "GithubAPIClient" */;
			compatibilityVersion = "Xcode 3.2";
			developmentRegion = English;
			hasScannedForEncodings = 0;
			knownRegions = (
				en,
				Base,
			);
			mainGroup = 3854E6391E5DBD9E005D6F82;
			productRefGroup = 3854E6431E5DBD9E005D6F82 /* Products */;
			projectDirPath = "";
			projectRoot = "";
			targets = (
				3854E6411E5DBD9E005D6F82 /* GithubAPIClient */,
			);
		};
/* End PBXProject section */

/* Begin PBXResourcesBuildPhase section */
		3854E6401E5DBD9E005D6F82 /* Resources */ = {
			isa = PBXResourcesBuildPhase;
			buildActionMask = 2147483647;
			files = (
				3854E6501E5DBD9E005D6F82 /* LaunchScreen.storyboard in Resources */,
				3854E64D1E5DBD9E005D6F82 /* Assets.xcassets in Resources */,
				3854E64B1E5DBD9E005D6F82 /* Main.storyboard in Resources */,
			);
			runOnlyForDeploymentPostprocessing = 0;
		};
/* End PBXResourcesBuildPhase section */

/* Begin PBXSourcesBuildPhase section */
		3854E63E1E5DBD9E005D6F82 /* Sources */ = {
			isa = PBXSourcesBuildPhase;
			buildActionMask = 2147483647;
			files = (
				38764D051E5E0696003AE85F /* GitHubRequest.swift in Sources */,
				3854E6481E5DBD9E005D6F82 /* ViewController.swift in Sources */,
				3854E6461E5DBD9E005D6F82 /* AppDelegate.swift in Sources */,
				38764D071E5E07E0003AE85F /* HTTPMethod.swift in Sources */,
				38764CF61E5DC313003AE85F /* User.swift in Sources */,
				38764CFD1E5DC9B5003AE85F /* JSONDecodable.swift in Sources */,
				38764CF81E5DC3BB003AE85F /* Repository.swift in Sources */,
				38764D091E5E0B87003AE85F /* GitHubAPI.swift in Sources */,
				38764CFA1E5DC4A9003AE85F /* JSONDecodeError.swift in Sources */,
				38764D011E5DD1FF003AE85F /* GitHubClientError.swift in Sources */,
				38764D031E5DD3AD003AE85F /* GitHubAPIError.swift in Sources */,
				38764CFF1E5DCF96003AE85F /* SearchResponse.swift in Sources */,
			);
			runOnlyForDeploymentPostprocessing = 0;
		};
/* End PBXSourcesBuildPhase section */

/* Begin PBXVariantGroup section */
		3854E6491E5DBD9E005D6F82 /* Main.storyboard */ = {
			isa = PBXVariantGroup;
			children = (
				3854E64A1E5DBD9E005D6F82 /* Base */,
			);
			name = Main.storyboard;
			path = .;
			sourceTree = "<group>";
		};
		3854E64E1E5DBD9E005D6F82 /* LaunchScreen.storyboard */ = {
			isa = PBXVariantGroup;
			children = (
				3854E64F1E5DBD9E005D6F82 /* Base */,
			);
			name = LaunchScreen.storyboard;
			path = .;
			sourceTree = "<group>";
		};
/* End PBXVariantGroup section */

/* Begin XCBuildConfiguration section */
		3854E6681E5DBD9E005D6F82 /* Debug */ = {
			isa = XCBuildConfiguration;
			buildSettings = {
				ALWAYS_SEARCH_USER_PATHS = NO;
				CLANG_ANALYZER_NONNULL = YES;
				CLANG_CXX_LANGUAGE_STANDARD = "gnu++0x";
				CLANG_CXX_LIBRARY = "libc++";
				CLANG_ENABLE_MODULES = YES;
				CLANG_ENABLE_OBJC_ARC = YES;
				CLANG_WARN_BOOL_CONVERSION = YES;
				CLANG_WARN_CONSTANT_CONVERSION = YES;
				CLANG_WARN_DIRECT_OBJC_ISA_USAGE = YES_ERROR;
				CLANG_WARN_DOCUMENTATION_COMMENTS = YES;
				CLANG_WARN_EMPTY_BODY = YES;
				CLANG_WARN_ENUM_CONVERSION = YES;
				CLANG_WARN_INFINITE_RECURSION = YES;
				CLANG_WARN_INT_CONVERSION = YES;
				CLANG_WARN_OBJC_ROOT_CLASS = YES_ERROR;
				CLANG_WARN_SUSPICIOUS_MOVE = YES;
				CLANG_WARN_UNREACHABLE_CODE = YES;
				CLANG_WARN__DUPLICATE_METHOD_MATCH = YES;
				"CODE_SIGN_IDENTITY[sdk=iphoneos*]" = "iPhone Developer";
				COPY_PHASE_STRIP = NO;
				DEBUG_INFORMATION_FORMAT = dwarf;
				ENABLE_STRICT_OBJC_MSGSEND = YES;
				ENABLE_TESTABILITY = YES;
				GCC_C_LANGUAGE_STANDARD = gnu99;
				GCC_DYNAMIC_NO_PIC = NO;
				GCC_NO_COMMON_BLOCKS = YES;
				GCC_OPTIMIZATION_LEVEL = 0;
				GCC_PREPROCESSOR_DEFINITIONS = (
					"DEBUG=1",
					"$(inherited)",
				);
				GCC_WARN_64_TO_32_BIT_CONVERSION = YES;
				GCC_WARN_ABOUT_RETURN_TYPE = YES_ERROR;
				GCC_WARN_UNDECLARED_SELECTOR = YES;
				GCC_WARN_UNINITIALIZED_AUTOS = YES_AGGRESSIVE;
				GCC_WARN_UNUSED_FUNCTION = YES;
				GCC_WARN_UNUSED_VARIABLE = YES;
				IPHONEOS_DEPLOYMENT_TARGET = 10.2;
				MTL_ENABLE_DEBUG_INFO = YES;
				ONLY_ACTIVE_ARCH = YES;
				SDKROOT = iphoneos;
				SWIFT_ACTIVE_COMPILATION_CONDITIONS = DEBUG;
				SWIFT_OPTIMIZATION_LEVEL = "-Onone";
				TARGETED_DEVICE_FAMILY = "1,2";
			};
			name = Debug;
		};
		3854E6691E5DBD9E005D6F82 /* Release */ = {
			isa = XCBuildConfiguration;
			buildSettings = {
				ALWAYS_SEARCH_USER_PATHS = NO;
				CLANG_ANALYZER_NONNULL = YES;
				CLANG_CXX_LANGUAGE_STANDARD = "gnu++0x";
				CLANG_CXX_LIBRARY = "libc++";
				CLANG_ENABLE_MODULES = YES;
				CLANG_ENABLE_OBJC_ARC = YES;
				CLANG_WARN_BOOL_CONVERSION = YES;
				CLANG_WARN_CONSTANT_CONVERSION = YES;
				CLANG_WARN_DIRECT_OBJC_ISA_USAGE = YES_ERROR;
				CLANG_WARN_DOCUMENTATION_COMMENTS = YES;
				CLANG_WARN_EMPTY_BODY = YES;
				CLANG_WARN_ENUM_CONVERSION = YES;
				CLANG_WARN_INFINITE_RECURSION = YES;
				CLANG_WARN_INT_CONVERSION = YES;
				CLANG_WARN_OBJC_ROOT_CLASS = YES_ERROR;
				CLANG_WARN_SUSPICIOUS_MOVE = YES;
				CLANG_WARN_UNREACHABLE_CODE = YES;
				CLANG_WARN__DUPLICATE_METHOD_MATCH = YES;
				"CODE_SIGN_IDENTITY[sdk=iphoneos*]" = "iPhone Developer";
				COPY_PHASE_STRIP = NO;
				DEBUG_INFORMATION_FORMAT = "dwarf-with-dsym";
				ENABLE_NS_ASSERTIONS = NO;
				ENABLE_STRICT_OBJC_MSGSEND = YES;
				GCC_C_LANGUAGE_STANDARD = gnu99;
				GCC_NO_COMMON_BLOCKS = YES;
				GCC_WARN_64_TO_32_BIT_CONVERSION = YES;
				GCC_WARN_ABOUT_RETURN_TYPE = YES_ERROR;
				GCC_WARN_UNDECLARED_SELECTOR = YES;
				GCC_WARN_UNINITIALIZED_AUTOS = YES_AGGRESSIVE;
				GCC_WARN_UNUSED_FUNCTION = YES;
				GCC_WARN_UNUSED_VARIABLE = YES;
				IPHONEOS_DEPLOYMENT_TARGET = 10.2;
				MTL_ENABLE_DEBUG_INFO = NO;
				SDKROOT = iphoneos;
				SWIFT_OPTIMIZATION_LEVEL = "-Owholemodule";
				TARGETED_DEVICE_FAMILY = "1,2";
				VALIDATE_PRODUCT = YES;
			};
			name = Release;
		};
		3854E66B1E5DBD9E005D6F82 /* Debug */ = {
			isa = XCBuildConfiguration;
			buildSettings = {
				ASSETCATALOG_COMPILER_APPICON_NAME = AppIcon;
				DEVELOPMENT_TEAM = WDBC6D89W7;
				INFOPLIST_FILE = GithubAPIClient/Resources/Info.plist;
				LD_RUNPATH_SEARCH_PATHS = "$(inherited) @executable_path/Frameworks";
				PRODUCT_BUNDLE_IDENTIFIER = jp.satoshi.GithubAPIClient;
				PRODUCT_NAME = "$(TARGET_NAME)";
				SWIFT_VERSION = 3.0;
			};
			name = Debug;
		};
		3854E66C1E5DBD9E005D6F82 /* Release */ = {
			isa = XCBuildConfiguration;
			buildSettings = {
				ASSETCATALOG_COMPILER_APPICON_NAME = AppIcon;
				DEVELOPMENT_TEAM = WDBC6D89W7;
				INFOPLIST_FILE = GithubAPIClient/Resources/Info.plist;
				LD_RUNPATH_SEARCH_PATHS = "$(inherited) @executable_path/Frameworks";
				PRODUCT_BUNDLE_IDENTIFIER = jp.satoshi.GithubAPIClient;
				PRODUCT_NAME = "$(TARGET_NAME)";
				SWIFT_VERSION = 3.0;
			};
			name = Release;
		};
/* End XCBuildConfiguration section */

/* Begin XCConfigurationList section */
		3854E63D1E5DBD9E005D6F82 /* Build configuration list for PBXProject "GithubAPIClient" */ = {
			isa = XCConfigurationList;
			buildConfigurations = (
				3854E6681E5DBD9E005D6F82 /* Debug */,
				3854E6691E5DBD9E005D6F82 /* Release */,
			);
			defaultConfigurationIsVisible = 0;
			defaultConfigurationName = Release;
		};
		3854E66A1E5DBD9E005D6F82 /* Build configuration list for PBXNativeTarget "GithubAPIClient" */ = {
			isa = XCConfigurationList;
			buildConfigurations = (
				3854E66B1E5DBD9E005D6F82 /* Debug */,
				3854E66C1E5DBD9E005D6F82 /* Release */,
			);
			defaultConfigurationIsVisible = 0;
			defaultConfigurationName = Release;
		};
/* End XCConfigurationList section */
	};
	rootObject = 3854E63A1E5DBD9E005D6F82 /* Project object */;
}
